{
  "nodes": {
    "nixpkgs": {
      "locked": {
        "lastModified": 1702860116,
        "narHash": "sha256-MlyohjWhsIeZH/O/UKascYuPGwK5iY2Psl34mAfBT7Q=",
        "owner": "nixos",
        "repo": "nixpkgs",
        "rev": "fc4982249c7df566a852048cf9a0d4eb7b258d37",
        "type": "github"
      },
      "original": {
        "owner": "nixos",
        "ref": "release-23.11",
        "repo": "nixpkgs",
        "type": "github"
      }
    },
    "root": {
      "inputs": {
        "nixpkgs": "nixpkgs"
      }
    }
  },
  "root": "root",
  "version": 7
}
